// !$*UTF8*$!
{
	archiveVersion = 1;
	classes = {
	};
	objectVersion = 46;
	objects = {

/* Begin PBXBuildFile section */
		B6E6895737C7FC52F64C29E1 /* Pods_Clipo.framework in Frameworks */ = {isa = PBXBuildFile; fileRef = 8D9FFD5413F57F6EC2D94D9A /* Pods_Clipo.framework */; };
		E758E8FC1C9D9B0000BDC900 /* MeteorClientManager.swift in Sources */ = {isa = PBXBuildFile; fileRef = E758E8FB1C9D9B0000BDC900 /* MeteorClientManager.swift */; };
		E758E9031C9E781D00BDC900 /* GoogleService-Info.plist in Resources */ = {isa = PBXBuildFile; fileRef = E758E9021C9E781D00BDC900 /* GoogleService-Info.plist */; };
		E7702A711C9D1EAB00F7C821 /* AppDelegate.swift in Sources */ = {isa = PBXBuildFile; fileRef = E7702A701C9D1EAB00F7C821 /* AppDelegate.swift */; };
		E7702A731C9D1EAB00F7C821 /* ViewController.swift in Sources */ = {isa = PBXBuildFile; fileRef = E7702A721C9D1EAB00F7C821 /* ViewController.swift */; };
		E7702A761C9D1EAB00F7C821 /* Main.storyboard in Resources */ = {isa = PBXBuildFile; fileRef = E7702A741C9D1EAB00F7C821 /* Main.storyboard */; };
		E7702A781C9D1EAB00F7C821 /* Assets.xcassets in Resources */ = {isa = PBXBuildFile; fileRef = E7702A771C9D1EAB00F7C821 /* Assets.xcassets */; };
		E7702A7B1C9D1EAB00F7C821 /* LaunchScreen.storyboard in Resources */ = {isa = PBXBuildFile; fileRef = E7702A791C9D1EAB00F7C821 /* LaunchScreen.storyboard */; };
		E7AA469A1C9FAE3600FDF00E /* NotificationPageViewController.swift in Sources */ = {isa = PBXBuildFile; fileRef = E7AA46991C9FAE3600FDF00E /* NotificationPageViewController.swift */; };
		E7AA46A01C9FB3F500FDF00E /* NotificationTableViewController.swift in Sources */ = {isa = PBXBuildFile; fileRef = E7AA469F1C9FB3F500FDF00E /* NotificationTableViewController.swift */; };
		E7AA46A21C9FED3600FDF00E /* ProjectExpandTableViewCell.swift in Sources */ = {isa = PBXBuildFile; fileRef = E7AA46A11C9FED3600FDF00E /* ProjectExpandTableViewCell.swift */; };
		E7AA46A41C9FFADC00FDF00E /* ProjectTableViewController.swift in Sources */ = {isa = PBXBuildFile; fileRef = E7AA46A31C9FFADC00FDF00E /* ProjectTableViewController.swift */; };
		E7F83C9A1CA0FC4E0089CCD8 /* FileBrowseViewController.swift in Sources */ = {isa = PBXBuildFile; fileRef = E7F83C991CA0FC4E0089CCD8 /* FileBrowseViewController.swift */; };
/* End PBXBuildFile section */

/* Begin PBXFileReference section */
		8D9FFD5413F57F6EC2D94D9A /* Pods_Clipo.framework */ = {isa = PBXFileReference; explicitFileType = wrapper.framework; includeInIndex = 0; path = Pods_Clipo.framework; sourceTree = BUILT_PRODUCTS_DIR; };
		8F5B0BB5B37BD84BC270E804 /* Pods-Clipo.release.xcconfig */ = {isa = PBXFileReference; includeInIndex = 1; lastKnownFileType = text.xcconfig; name = "Pods-Clipo.release.xcconfig"; path = "Pods/Target Support Files/Pods-Clipo/Pods-Clipo.release.xcconfig"; sourceTree = "<group>"; };
		E758E8FB1C9D9B0000BDC900 /* MeteorClientManager.swift */ = {isa = PBXFileReference; fileEncoding = 4; lastKnownFileType = sourcecode.swift; path = MeteorClientManager.swift; sourceTree = "<group>"; };
		E758E8FF1C9E61D000BDC900 /* Clipo-Bridging-Header.h */ = {isa = PBXFileReference; lastKnownFileType = sourcecode.c.h; path = "Clipo-Bridging-Header.h"; sourceTree = "<group>"; };
		E758E9021C9E781D00BDC900 /* GoogleService-Info.plist */ = {isa = PBXFileReference; fileEncoding = 4; lastKnownFileType = text.plist.xml; path = "GoogleService-Info.plist"; sourceTree = "<group>"; };
		E7702A6D1C9D1EAB00F7C821 /* Clipo.app */ = {isa = PBXFileReference; explicitFileType = wrapper.application; includeInIndex = 0; path = Clipo.app; sourceTree = BUILT_PRODUCTS_DIR; };
		E7702A701C9D1EAB00F7C821 /* AppDelegate.swift */ = {isa = PBXFileReference; lastKnownFileType = sourcecode.swift; path = AppDelegate.swift; sourceTree = "<group>"; };
		E7702A721C9D1EAB00F7C821 /* ViewController.swift */ = {isa = PBXFileReference; lastKnownFileType = sourcecode.swift; path = ViewController.swift; sourceTree = "<group>"; };
		E7702A751C9D1EAB00F7C821 /* Base */ = {isa = PBXFileReference; lastKnownFileType = file.storyboard; name = Base; path = Base.lproj/Main.storyboard; sourceTree = "<group>"; };
		E7702A771C9D1EAB00F7C821 /* Assets.xcassets */ = {isa = PBXFileReference; lastKnownFileType = folder.assetcatalog; path = Assets.xcassets; sourceTree = "<group>"; };
		E7702A7A1C9D1EAB00F7C821 /* Base */ = {isa = PBXFileReference; lastKnownFileType = file.storyboard; name = Base; path = Base.lproj/LaunchScreen.storyboard; sourceTree = "<group>"; };
		E7702A7C1C9D1EAB00F7C821 /* Info.plist */ = {isa = PBXFileReference; lastKnownFileType = text.plist.xml; path = Info.plist; sourceTree = "<group>"; };
		E7AA46991C9FAE3600FDF00E /* NotificationPageViewController.swift */ = {isa = PBXFileReference; fileEncoding = 4; lastKnownFileType = sourcecode.swift; path = NotificationPageViewController.swift; sourceTree = "<group>"; };
		E7AA469F1C9FB3F500FDF00E /* NotificationTableViewController.swift */ = {isa = PBXFileReference; fileEncoding = 4; lastKnownFileType = sourcecode.swift; path = NotificationTableViewController.swift; sourceTree = "<group>"; };
		E7AA46A11C9FED3600FDF00E /* ProjectExpandTableViewCell.swift */ = {isa = PBXFileReference; fileEncoding = 4; lastKnownFileType = sourcecode.swift; path = ProjectExpandTableViewCell.swift; sourceTree = "<group>"; };
		E7AA46A31C9FFADC00FDF00E /* ProjectTableViewController.swift */ = {isa = PBXFileReference; fileEncoding = 4; lastKnownFileType = sourcecode.swift; path = ProjectTableViewController.swift; sourceTree = "<group>"; };
		E7F83C991CA0FC4E0089CCD8 /* FileBrowseViewController.swift */ = {isa = PBXFileReference; fileEncoding = 4; lastKnownFileType = sourcecode.swift; path = FileBrowseViewController.swift; sourceTree = "<group>"; };
		EA160C6F43DC082EE8016D7C /* Pods-Clipo.debug.xcconfig */ = {isa = PBXFileReference; includeInIndex = 1; lastKnownFileType = text.xcconfig; name = "Pods-Clipo.debug.xcconfig"; path = "Pods/Target Support Files/Pods-Clipo/Pods-Clipo.debug.xcconfig"; sourceTree = "<group>"; };
/* End PBXFileReference section */

/* Begin PBXFrameworksBuildPhase section */
		E7702A6A1C9D1EAB00F7C821 /* Frameworks */ = {
			isa = PBXFrameworksBuildPhase;
			buildActionMask = 2147483647;
			files = (
				B6E6895737C7FC52F64C29E1 /* Pods_Clipo.framework in Frameworks */,
			);
			runOnlyForDeploymentPostprocessing = 0;
		};
/* End PBXFrameworksBuildPhase section */

/* Begin PBXGroup section */
		6B2C2729B92B9B947044D3EF /* Pods */ = {
			isa = PBXGroup;
			children = (
				EA160C6F43DC082EE8016D7C /* Pods-Clipo.debug.xcconfig */,
				8F5B0BB5B37BD84BC270E804 /* Pods-Clipo.release.xcconfig */,
			);
			name = Pods;
			sourceTree = "<group>";
		};
		7C1D6F6745E444F852C0E56B /* Frameworks */ = {
			isa = PBXGroup;
			children = (
				8D9FFD5413F57F6EC2D94D9A /* Pods_Clipo.framework */,
			);
			name = Frameworks;
			sourceTree = "<group>";
		};
		E7702A641C9D1EAB00F7C821 = {
			isa = PBXGroup;
			children = (
				E7702A6F1C9D1EAB00F7C821 /* Clipo */,
				E7702A6E1C9D1EAB00F7C821 /* Products */,
				6B2C2729B92B9B947044D3EF /* Pods */,
				7C1D6F6745E444F852C0E56B /* Frameworks */,
			);
			sourceTree = "<group>";
		};
		E7702A6E1C9D1EAB00F7C821 /* Products */ = {
			isa = PBXGroup;
			children = (
				E7702A6D1C9D1EAB00F7C821 /* Clipo.app */,
			);
			name = Products;
			sourceTree = "<group>";
		};
		E7702A6F1C9D1EAB00F7C821 /* Clipo */ = {
			isa = PBXGroup;
			children = (
				E758E9021C9E781D00BDC900 /* GoogleService-Info.plist */,
				E7702A701C9D1EAB00F7C821 /* AppDelegate.swift */,
				E7702A721C9D1EAB00F7C821 /* ViewController.swift */,
				E7702A741C9D1EAB00F7C821 /* Main.storyboard */,
				E7702A771C9D1EAB00F7C821 /* Assets.xcassets */,
				E7702A791C9D1EAB00F7C821 /* LaunchScreen.storyboard */,
				E7702A7C1C9D1EAB00F7C821 /* Info.plist */,
				E758E8FB1C9D9B0000BDC900 /* MeteorClientManager.swift */,
				E758E8FF1C9E61D000BDC900 /* Clipo-Bridging-Header.h */,
				E7AA46991C9FAE3600FDF00E /* NotificationPageViewController.swift */,
				E7AA469F1C9FB3F500FDF00E /* NotificationTableViewController.swift */,
				E7AA46A11C9FED3600FDF00E /* ProjectExpandTableViewCell.swift */,
				E7AA46A31C9FFADC00FDF00E /* ProjectTableViewController.swift */,
				E7F83C991CA0FC4E0089CCD8 /* FileBrowseViewController.swift */,
			);
			path = Clipo;
			sourceTree = "<group>";
		};
/* End PBXGroup section */

/* Begin PBXNativeTarget section */
		E7702A6C1C9D1EAB00F7C821 /* Clipo */ = {
			isa = PBXNativeTarget;
			buildConfigurationList = E7702A7F1C9D1EAB00F7C821 /* Build configuration list for PBXNativeTarget "Clipo" */;
			buildPhases = (
				295CF6FF9E60264704403A47 /* Check Pods Manifest.lock */,
				E7702A691C9D1EAB00F7C821 /* Sources */,
				E7702A6A1C9D1EAB00F7C821 /* Frameworks */,
				E7702A6B1C9D1EAB00F7C821 /* Resources */,
				346424648BCCB46CFD88AA54 /* Embed Pods Frameworks */,
				BE1D1202050B134898CD4FAC /* Copy Pods Resources */,
			);
			buildRules = (
			);
			dependencies = (
			);
			name = Clipo;
			productName = Clipo;
			productReference = E7702A6D1C9D1EAB00F7C821 /* Clipo.app */;
			productType = "com.apple.product-type.application";
		};
/* End PBXNativeTarget section */

/* Begin PBXProject section */
		E7702A651C9D1EAB00F7C821 /* Project object */ = {
			isa = PBXProject;
			attributes = {
				LastSwiftUpdateCheck = 0720;
				LastUpgradeCheck = 0720;
				ORGANIZATIONNAME = "TUNGYING-CHAO";
				TargetAttributes = {
					E7702A6C1C9D1EAB00F7C821 = {
						CreatedOnToolsVersion = 7.2.1;
					};
				};
			};
			buildConfigurationList = E7702A681C9D1EAB00F7C821 /* Build configuration list for PBXProject "Clipo" */;
			compatibilityVersion = "Xcode 3.2";
			developmentRegion = English;
			hasScannedForEncodings = 0;
			knownRegions = (
				en,
				Base,
			);
			mainGroup = E7702A641C9D1EAB00F7C821;
			productRefGroup = E7702A6E1C9D1EAB00F7C821 /* Products */;
			projectDirPath = "";
			projectRoot = "";
			targets = (
				E7702A6C1C9D1EAB00F7C821 /* Clipo */,
			);
		};
/* End PBXProject section */

/* Begin PBXResourcesBuildPhase section */
		E7702A6B1C9D1EAB00F7C821 /* Resources */ = {
			isa = PBXResourcesBuildPhase;
			buildActionMask = 2147483647;
			files = (
				E7702A7B1C9D1EAB00F7C821 /* LaunchScreen.storyboard in Resources */,
				E758E9031C9E781D00BDC900 /* GoogleService-Info.plist in Resources */,
				E7702A781C9D1EAB00F7C821 /* Assets.xcassets in Resources */,
				E7702A761C9D1EAB00F7C821 /* Main.storyboard in Resources */,
			);
			runOnlyForDeploymentPostprocessing = 0;
		};
/* End PBXResourcesBuildPhase section */

/* Begin PBXShellScriptBuildPhase section */
		295CF6FF9E60264704403A47 /* Check Pods Manifest.lock */ = {
			isa = PBXShellScriptBuildPhase;
			buildActionMask = 2147483647;
			files = (
			);
			inputPaths = (
			);
			name = "Check Pods Manifest.lock";
			outputPaths = (
			);
			runOnlyForDeploymentPostprocessing = 0;
			shellPath = /bin/sh;
			shellScript = "diff \"${PODS_ROOT}/../Podfile.lock\" \"${PODS_ROOT}/Manifest.lock\" > /dev/null\nif [[ $? != 0 ]] ; then\n    cat << EOM\nerror: The sandbox is not in sync with the Podfile.lock. Run 'pod install' or update your CocoaPods installation.\nEOM\n    exit 1\nfi\n";
			showEnvVarsInLog = 0;
		};
		346424648BCCB46CFD88AA54 /* Embed Pods Frameworks */ = {
			isa = PBXShellScriptBuildPhase;
			buildActionMask = 2147483647;
			files = (
			);
			inputPaths = (
			);
			name = "Embed Pods Frameworks";
			outputPaths = (
			);
			runOnlyForDeploymentPostprocessing = 0;
			shellPath = /bin/sh;
			shellScript = "\"${SRCROOT}/Pods/Target Support Files/Pods-Clipo/Pods-Clipo-frameworks.sh\"\n";
			showEnvVarsInLog = 0;
		};
		BE1D1202050B134898CD4FAC /* Copy Pods Resources */ = {
			isa = PBXShellScriptBuildPhase;
			buildActionMask = 2147483647;
			files = (
			);
			inputPaths = (
			);
			name = "Copy Pods Resources";
			outputPaths = (
			);
			runOnlyForDeploymentPostprocessing = 0;
			shellPath = /bin/sh;
			shellScript = "\"${SRCROOT}/Pods/Target Support Files/Pods-Clipo/Pods-Clipo-resources.sh\"\n";
			showEnvVarsInLog = 0;
		};
/* End PBXShellScriptBuildPhase section */

/* Begin PBXSourcesBuildPhase section */
		E7702A691C9D1EAB00F7C821 /* Sources */ = {
			isa = PBXSourcesBuildPhase;
			buildActionMask = 2147483647;
			files = (
				E7AA46A21C9FED3600FDF00E /* ProjectExpandTableViewCell.swift in Sources */,
				E7AA46A01C9FB3F500FDF00E /* NotificationTableViewController.swift in Sources */,
				E7F83C9A1CA0FC4E0089CCD8 /* FileBrowseViewController.swift in Sources */,
				E7702A731C9D1EAB00F7C821 /* ViewController.swift in Sources */,
				E758E8FC1C9D9B0000BDC900 /* MeteorClientManager.swift in Sources */,
				E7AA469A1C9FAE3600FDF00E /* NotificationPageViewController.swift in Sources */,
				E7AA46A41C9FFADC00FDF00E /* ProjectTableViewController.swift in Sources */,
				E7702A711C9D1EAB00F7C821 /* AppDelegate.swift in Sources */,
			);
			runOnlyForDeploymentPostprocessing = 0;
		};
/* End PBXSourcesBuildPhase section */

/* Begin PBXVariantGroup section */
		E7702A741C9D1EAB00F7C821 /* Main.storyboard */ = {
			isa = PBXVariantGroup;
			children = (
				E7702A751C9D1EAB00F7C821 /* Base */,
			);
			name = Main.storyboard;
			sourceTree = "<group>";
		};
		E7702A791C9D1EAB00F7C821 /* LaunchScreen.storyboard */ = {
			isa = PBXVariantGroup;
			children = (
				E7702A7A1C9D1EAB00F7C821 /* Base */,
			);
			name = LaunchScreen.storyboard;
			sourceTree = "<group>";
		};
/* End PBXVariantGroup section */

/* Begin XCBuildConfiguration section */
		E7702A7D1C9D1EAB00F7C821 /* Debug */ = {
			isa = XCBuildConfiguration;
			buildSettings = {
				ALWAYS_SEARCH_USER_PATHS = NO;
				CLANG_CXX_LANGUAGE_STANDARD = "gnu++0x";
				CLANG_CXX_LIBRARY = "libc++";
				CLANG_ENABLE_MODULES = YES;
				CLANG_ENABLE_OBJC_ARC = YES;
				CLANG_WARN_BOOL_CONVERSION = YES;
				CLANG_WARN_CONSTANT_CONVERSION = YES;
				CLANG_WARN_DIRECT_OBJC_ISA_USAGE = YES_ERROR;
				CLANG_WARN_EMPTY_BODY = YES;
				CLANG_WARN_ENUM_CONVERSION = YES;
				CLANG_WARN_INT_CONVERSION = YES;
				CLANG_WARN_OBJC_ROOT_CLASS = YES_ERROR;
				CLANG_WARN_UNREACHABLE_CODE = YES;
				CLANG_WARN__DUPLICATE_METHOD_MATCH = YES;
				"CODE_SIGN_IDENTITY[sdk=iphoneos*]" = "iPhone Developer";
				COPY_PHASE_STRIP = NO;
				DEBUG_INFORMATION_FORMAT = dwarf;
				ENABLE_STRICT_OBJC_MSGSEND = YES;
				ENABLE_TESTABILITY = YES;
				GCC_C_LANGUAGE_STANDARD = gnu99;
				GCC_DYNAMIC_NO_PIC = NO;
				GCC_NO_COMMON_BLOCKS = YES;
				GCC_OPTIMIZATION_LEVEL = 0;
				GCC_PREPROCESSOR_DEFINITIONS = (
					"DEBUG=1",
					"$(inherited)",
				);
				GCC_WARN_64_TO_32_BIT_CONVERSION = YES;
				GCC_WARN_ABOUT_RETURN_TYPE = YES_ERROR;
				GCC_WARN_UNDECLARED_SELECTOR = YES;
				GCC_WARN_UNINITIALIZED_AUTOS = YES_AGGRESSIVE;
				GCC_WARN_UNUSED_FUNCTION = YES;
				GCC_WARN_UNUSED_VARIABLE = YES;
				IPHONEOS_DEPLOYMENT_TARGET = 9.2;
				MTL_ENABLE_DEBUG_INFO = YES;
				ONLY_ACTIVE_ARCH = YES;
				SDKROOT = iphoneos;
				SWIFT_OPTIMIZATION_LEVEL = "-Onone";
			};
			name = Debug;
		};
		E7702A7E1C9D1EAB00F7C821 /* Release */ = {
			isa = XCBuildConfiguration;
			buildSettings = {
				ALWAYS_SEARCH_USER_PATHS = NO;
				CLANG_CXX_LANGUAGE_STANDARD = "gnu++0x";
				CLANG_CXX_LIBRARY = "libc++";
				CLANG_ENABLE_MODULES = YES;
				CLANG_ENABLE_OBJC_ARC = YES;
				CLANG_WARN_BOOL_CONVERSION = YES;
				CLANG_WARN_CONSTANT_CONVERSION = YES;
				CLANG_WARN_DIRECT_OBJC_ISA_USAGE = YES_ERROR;
				CLANG_WARN_EMPTY_BODY = YES;
				CLANG_WARN_ENUM_CONVERSION = YES;
				CLANG_WARN_INT_CONVERSION = YES;
				CLANG_WARN_OBJC_ROOT_CLASS = YES_ERROR;
				CLANG_WARN_UNREACHABLE_CODE = YES;
				CLANG_WARN__DUPLICATE_METHOD_MATCH = YES;
				"CODE_SIGN_IDENTITY[sdk=iphoneos*]" = "iPhone Developer";
				COPY_PHASE_STRIP = NO;
				DEBUG_INFORMATION_FORMAT = "dwarf-with-dsym";
				ENABLE_NS_ASSERTIONS = NO;
				ENABLE_STRICT_OBJC_MSGSEND = YES;
				GCC_C_LANGUAGE_STANDARD = gnu99;
				GCC_NO_COMMON_BLOCKS = YES;
				GCC_WARN_64_TO_32_BIT_CONVERSION = YES;
				GCC_WARN_ABOUT_RETURN_TYPE = YES_ERROR;
				GCC_WARN_UNDECLARED_SELECTOR = YES;
				GCC_WARN_UNINITIALIZED_AUTOS = YES_AGGRESSIVE;
				GCC_WARN_UNUSED_FUNCTION = YES;
				GCC_WARN_UNUSED_VARIABLE = YES;
				IPHONEOS_DEPLOYMENT_TARGET = 9.2;
				MTL_ENABLE_DEBUG_INFO = NO;
				SDKROOT = iphoneos;
				VALIDATE_PRODUCT = YES;
			};
			name = Release;
		};
		E7702A801C9D1EAB00F7C821 /* Debug */ = {
			isa = XCBuildConfiguration;
			baseConfigurationReference = EA160C6F43DC082EE8016D7C /* Pods-Clipo.debug.xcconfig */;
			buildSettings = {
				ASSETCATALOG_COMPILER_APPICON_NAME = AppIcon;
				CLANG_ENABLE_MODULES = YES;
				ENABLE_BITCODE = NO;
				INFOPLIST_FILE = Clipo/Info.plist;
				LD_RUNPATH_SEARCH_PATHS = "$(inherited) @executable_path/Frameworks";
				PRODUCT_BUNDLE_IDENTIFIER = com.ntu.Clipo;
				PRODUCT_NAME = "$(TARGET_NAME)";
				SWIFT_OBJC_BRIDGING_HEADER = "Clipo/Clipo-Bridging-Header.h";
				SWIFT_OPTIMIZATION_LEVEL = "-Onone";
			};
			name = Debug;
		};
		E7702A811C9D1EAB00F7C821 /* Release */ = {
			isa = XCBuildConfiguration;
			baseConfigurationReference = 8F5B0BB5B37BD84BC270E804 /* Pods-Clipo.release.xcconfig */;
			buildSettings = {
				ASSETCATALOG_COMPILER_APPICON_NAME = AppIcon;
				CLANG_ENABLE_MODULES = YES;
				ENABLE_BITCODE = NO;
				INFOPLIST_FILE = Clipo/Info.plist;
				LD_RUNPATH_SEARCH_PATHS = "$(inherited) @executable_path/Frameworks";
				PRODUCT_BUNDLE_IDENTIFIER = com.ntu.Clipo;
				PRODUCT_NAME = "$(TARGET_NAME)";
				SWIFT_OBJC_BRIDGING_HEADER = "Clipo/Clipo-Bridging-Header.h";
			};
			name = Release;
		};
/* End XCBuildConfiguration section */

/* Begin XCConfigurationList section */
		E7702A681C9D1EAB00F7C821 /* Build configuration list for PBXProject "Clipo" */ = {
			isa = XCConfigurationList;
			buildConfigurations = (
				E7702A7D1C9D1EAB00F7C821 /* Debug */,
				E7702A7E1C9D1EAB00F7C821 /* Release */,
			);
			defaultConfigurationIsVisible = 0;
			defaultConfigurationName = Release;
		};
		E7702A7F1C9D1EAB00F7C821 /* Build configuration list for PBXNativeTarget "Clipo" */ = {
			isa = XCConfigurationList;
			buildConfigurations = (
				E7702A801C9D1EAB00F7C821 /* Debug */,
				E7702A811C9D1EAB00F7C821 /* Release */,
			);
			defaultConfigurationIsVisible = 0;
			defaultConfigurationName = Release;
		};
/* End XCConfigurationList section */
	};
	rootObject = E7702A651C9D1EAB00F7C821 /* Project object */;
}
